// !$*UTF8*$!
{
	archiveVersion = 1;
	classes = {
	};
	objectVersion = 46;
	objects = {

/* Begin PBXBuildFile section */
		F9C232BE1E0FD27900A9DDB6 /* IOKit.framework in Frameworks */ = {isa = PBXBuildFile; fileRef = F9C232BD1E0FD27900A9DDB6 /* IOKit.framework */; };
		F9C232C21E0FDE9900A9DDB6 /* main.cpp in Sources */ = {isa = PBXBuildFile; fileRef = F9C232BF1E0FDE9900A9DDB6 /* main.cpp */; };
		F9C232C31E0FDE9900A9DDB6 /* NkeConnection.cpp in Sources */ = {isa = PBXBuildFile; fileRef = F9C232C01E0FDE9900A9DDB6 /* NkeConnection.cpp */; };
/* End PBXBuildFile section */

/* Begin PBXCopyFilesBuildPhase section */
		F9C232AA1E0FD1B500A9DDB6 /* CopyFiles */ = {
			isa = PBXCopyFilesBuildPhase;
			buildActionMask = 2147483647;
			dstPath = /usr/share/man/man1/;
			dstSubfolderSpec = 0;
			files = (
			);
			runOnlyForDeploymentPostprocessing = 1;
		};
/* End PBXCopyFilesBuildPhase section */

/* Begin PBXFileReference section */
		F9C232AC1E0FD1B500A9DDB6 /* NkeClient */ = {isa = PBXFileReference; explicitFileType = "compiled.mach-o.executable"; includeInIndex = 0; path = NkeClient; sourceTree = BUILT_PRODUCTS_DIR; };
		F9C232BD1E0FD27900A9DDB6 /* IOKit.framework */ = {isa = PBXFileReference; lastKnownFileType = wrapper.framework; name = IOKit.framework; path = System/Library/Frameworks/IOKit.framework; sourceTree = SDKROOT; };
		F9C232BF1E0FDE9900A9DDB6 /* main.cpp */ = {isa = PBXFileReference; fileEncoding = 4; lastKnownFileType = sourcecode.cpp.cpp; path = main.cpp; sourceTree = "<group>"; };
		F9C232C01E0FDE9900A9DDB6 /* NkeConnection.cpp */ = {isa = PBXFileReference; fileEncoding = 4; lastKnownFileType = sourcecode.cpp.cpp; path = NkeConnection.cpp; sourceTree = "<group>"; };
		F9C232C11E0FDE9900A9DDB6 /* NkeConnection.h */ = {isa = PBXFileReference; fileEncoding = 4; lastKnownFileType = sourcecode.c.h; path = NkeConnection.h; sourceTree = "<group>"; };
/* End PBXFileReference section */

/* Begin PBXFrameworksBuildPhase section */
		F9C232A91E0FD1B500A9DDB6 /* Frameworks */ = {
			isa = PBXFrameworksBuildPhase;
			buildActionMask = 2147483647;
			files = (
				F9C232BE1E0FD27900A9DDB6 /* IOKit.framework in Frameworks */,
			);
			runOnlyForDeploymentPostprocessing = 0;
		};
/* End PBXFrameworksBuildPhase section */

/* Begin PBXGroup section */
		F9C232A31E0FD1B500A9DDB6 = {
			isa = PBXGroup;
			children = (
				F9C232BD1E0FD27900A9DDB6 /* IOKit.framework */,
				F9C232AE1E0FD1B500A9DDB6 /* NkeClient */,
				F9C232AD1E0FD1B500A9DDB6 /* Products */,
			);
			sourceTree = "<group>";
		};
		F9C232AD1E0FD1B500A9DDB6 /* Products */ = {
			isa = PBXGroup;
			children = (
				F9C232AC1E0FD1B500A9DDB6 /* NkeClient */,
			);
			name = Products;
			sourceTree = "<group>";
		};
		F9C232AE1E0FD1B500A9DDB6 /* NkeClient */ = {
			isa = PBXGroup;
			children = (
				F9C232BF1E0FDE9900A9DDB6 /* main.cpp */,
				F9C232C01E0FDE9900A9DDB6 /* NkeConnection.cpp */,
				F9C232C11E0FDE9900A9DDB6 /* NkeConnection.h */,
			);
			path = NkeClient;
			sourceTree = "<group>";
		};
/* End PBXGroup section */

/* Begin PBXNativeTarget section */
		F9C232AB1E0FD1B500A9DDB6 /* NkeClient */ = {
			isa = PBXNativeTarget;
			buildConfigurationList = F9C232B51E0FD1B500A9DDB6 /* Build configuration list for PBXNativeTarget "NkeClient" */;
			buildPhases = (
				F9C232A81E0FD1B500A9DDB6 /* Sources */,
				F9C232A91E0FD1B500A9DDB6 /* Frameworks */,
				F9C232AA1E0FD1B500A9DDB6 /* CopyFiles */,
			);
			buildRules = (
			);
			dependencies = (
			);
			name = NkeClient;
			productName = NkeClient;
			productReference = F9C232AC1E0FD1B500A9DDB6 /* NkeClient */;
			productType = "com.apple.product-type.tool";
		};
/* End PBXNativeTarget section */

/* Begin PBXProject section */
		F9C232A41E0FD1B500A9DDB6 /* Project object */ = {
			isa = PBXProject;
			attributes = {
				LastUpgradeCheck = 0510;
				ORGANIZATIONNAME = "Slava-Imameev";
			};
			buildConfigurationList = F9C232A71E0FD1B500A9DDB6 /* Build configuration list for PBXProject "NkeClient" */;
			compatibilityVersion = "Xcode 3.2";
			developmentRegion = English;
			hasScannedForEncodings = 0;
			knownRegions = (
				en,
			);
			mainGroup = F9C232A31E0FD1B500A9DDB6;
			productRefGroup = F9C232AD1E0FD1B500A9DDB6 /* Products */;
			projectDirPath = "";
			projectRoot = "";
			targets = (
				F9C232AB1E0FD1B500A9DDB6 /* NkeClient */,
			);
		};
/* End PBXProject section */

/* Begin PBXSourcesBuildPhase section */
		F9C232A81E0FD1B500A9DDB6 /* Sources */ = {
			isa = PBXSourcesBuildPhase;
			buildActionMask = 2147483647;
			files = (
				F9C232C31E0FDE9900A9DDB6 /* NkeConnection.cpp in Sources */,
				F9C232C21E0FDE9900A9DDB6 /* main.cpp in Sources */,
			);
			runOnlyForDeploymentPostprocessing = 0;
		};
/* End PBXSourcesBuildPhase section */

/* Begin XCBuildConfiguration section */
		F9C232B31E0FD1B500A9DDB6 /* Debug */ = {
			isa = XCBuildConfiguration;
			buildSettings = {
				ALWAYS_SEARCH_USER_PATHS = NO;
				CLANG_CXX_LANGUAGE_STANDARD = "gnu++0x";
				CLANG_CXX_LIBRARY = "libc++";
				CLANG_ENABLE_MODULES = YES;
				CLANG_ENABLE_OBJC_ARC = YES;
				CLANG_WARN_BOOL_CONVERSION = YES;
				CLANG_WARN_CONSTANT_CONVERSION = YES;
				CLANG_WARN_DIRECT_OBJC_ISA_USAGE = YES_ERROR;
				CLANG_WARN_EMPTY_BODY = YES;
				CLANG_WARN_ENUM_CONVERSION = YES;
				CLANG_WARN_INT_CONVERSION = YES;
				CLANG_WARN_OBJC_ROOT_CLASS = YES_ERROR;
				CLANG_WARN__DUPLICATE_METHOD_MATCH = YES;
				COPY_PHASE_STRIP = NO;
				GCC_C_LANGUAGE_STANDARD = gnu99;
				GCC_DYNAMIC_NO_PIC = NO;
				GCC_ENABLE_OBJC_EXCEPTIONS = YES;
				GCC_OPTIMIZATION_LEVEL = 0;
				GCC_PREPROCESSOR_DEFINITIONS = (
					"DEBUG=1",
					"$(inherited)",
				);
				GCC_SYMBOLS_PRIVATE_EXTERN = NO;
				GCC_WARN_64_TO_32_BIT_CONVERSION = YES;
				GCC_WARN_ABOUT_RETURN_TYPE = YES_ERROR;
				GCC_WARN_UNDECLARED_SELECTOR = YES;
				GCC_WARN_UNINITIALIZED_AUTOS = YES_AGGRESSIVE;
				GCC_WARN_UNUSED_FUNCTION = YES;
				GCC_WARN_UNUSED_VARIABLE = YES;
				MACOSX_DEPLOYMENT_TARGET = 10.9;
				ONLY_ACTIVE_ARCH = YES;
				SDKROOT = macosx10.9;
			};
			name = Debug;
		};
		F9C232B41E0FD1B500A9DDB6 /* Release */ = {
			isa = XCBuildConfiguration;
			buildSettings = {
				ALWAYS_SEARCH_USER_PATHS = NO;
				CLANG_CXX_LANGUAGE_STANDARD = "gnu++0x";
				CLANG_CXX_LIBRARY = "libc++";
				CLANG_ENABLE_MODULES = YES;
				CLANG_ENABLE_OBJC_ARC = YES;
				CLANG_WARN_BOOL_CONVERSION = YES;
				CLANG_WARN_CONSTANT_CONVERSION = YES;
				CLANG_WARN_DIRECT_OBJC_ISA_USAGE = YES_ERROR;
				CLANG_WARN_EMPTY_BODY = YES;
				CLANG_WARN_ENUM_CONVERSION = YES;
				CLANG_WARN_INT_CONVERSION = YES;
				CLANG_WARN_OBJC_ROOT_CLASS = YES_ERROR;
				CLANG_WARN__DUPLICATE_METHOD_MATCH = YES;
				COPY_PHASE_STRIP = YES;
				DEBUG_INFORMATION_FORMAT = "dwarf-with-dsym";
				ENABLE_NS_ASSERTIONS = NO;
				GCC_C_LANGUAGE_STANDARD = gnu99;
				GCC_ENABLE_OBJC_EXCEPTIONS = YES;
				GCC_WARN_64_TO_32_BIT_CONVERSION = YES;
				GCC_WARN_ABOUT_RETURN_TYPE = YES_ERROR;
				GCC_WARN_UNDECLARED_SELECTOR = YES;
				GCC_WARN_UNINITIALIZED_AUTOS = YES_AGGRESSIVE;
				GCC_WARN_UNUSED_FUNCTION = YES;
				GCC_WARN_UNUSED_VARIABLE = YES;
				MACOSX_DEPLOYMENT_TARGET = 10.9;
				SDKROOT = macosx10.9;
			};
			name = Release;
		};
		F9C232B61E0FD1B500A9DDB6 /* Debug */ = {
			isa = XCBuildConfiguration;
			buildSettings = {
				PRODUCT_NAME = "$(TARGET_NAME)";
			};
			name = Debug;
		};
		F9C232B71E0FD1B500A9DDB6 /* Release */ = {
			isa = XCBuildConfiguration;
			buildSettings = {
				PRODUCT_NAME = "$(TARGET_NAME)";
			};
			name = Release;
		};
/* End XCBuildConfiguration section */

/* Begin XCConfigurationList section */
		F9C232A71E0FD1B500A9DDB6 /* Build configuration list for PBXProject "NkeClient" */ = {
			isa = XCConfigurationList;
			buildConfigurations = (
				F9C232B31E0FD1B500A9DDB6 /* Debug */,
				F9C232B41E0FD1B500A9DDB6 /* Release */,
			);
			defaultConfigurationIsVisible = 0;
			defaultConfigurationName = Release;
		};
		F9C232B51E0FD1B500A9DDB6 /* Build configuration list for PBXNativeTarget "NkeClient" */ = {
			isa = XCConfigurationList;
			buildConfigurations = (
				F9C232B61E0FD1B500A9DDB6 /* Debug */,
				F9C232B71E0FD1B500A9DDB6 /* Release */,
			);
			defaultConfigurationIsVisible = 0;
			defaultConfigurationName = Release;
		};
/* End XCConfigurationList section */
	};
	rootObject = F9C232A41E0FD1B500A9DDB6 /* Project object */;
}
